// !$*UTF8*$!
{
	archiveVersion = 1;
	classes = {
	};
	objectVersion = 46;
	objects = {

/* Begin PBXBuildFile section */
		0D3421530B2824442A328241 /* Pods_Partyvity.framework in Frameworks */ = {isa = PBXBuildFile; fileRef = 1B01471025526CD55ABA40EB /* Pods_Partyvity.framework */; };
		C424DC65201A333E00FB3DFD /* ActivityService.swift in Sources */ = {isa = PBXBuildFile; fileRef = C424DC64201A333E00FB3DFD /* ActivityService.swift */; };
		C424DC67201A3DC800FB3DFD /* CounterService.swift in Sources */ = {isa = PBXBuildFile; fileRef = C424DC66201A3DC800FB3DFD /* CounterService.swift */; };
		C4573FB32019012700D6AFF8 /* ModelExtensions.generated.swift in Sources */ = {isa = PBXBuildFile; fileRef = C4573FB22019012700D6AFF8 /* ModelExtensions.generated.swift */; };
		C4573FB52019076000D6AFF8 /* GameRootView.ui.xml in Resources */ = {isa = PBXBuildFile; fileRef = C4573FB42019076000D6AFF8 /* GameRootView.ui.xml */; };
		C4573FB920193DC200D6AFF8 /* GameController.swift in Sources */ = {isa = PBXBuildFile; fileRef = C4573FB820193DC200D6AFF8 /* GameController.swift */; };
		C48E26C92018CC9D00EA5A16 /* Team.swift in Sources */ = {isa = PBXBuildFile; fileRef = C48E26C82018CC9D00EA5A16 /* Team.swift */; };
		C48E26CB2018CF1E00EA5A16 /* TeamCell.swift in Sources */ = {isa = PBXBuildFile; fileRef = C48E26CA2018CF1E00EA5A16 /* TeamCell.swift */; };
		C48E26CD2018D59C00EA5A16 /* TeamCell.ui.xml in Resources */ = {isa = PBXBuildFile; fileRef = C48E26CC2018D59C00EA5A16 /* TeamCell.ui.xml */; };
		C4C2DE04201B84FF00FAA384 /* Word.swift in Sources */ = {isa = PBXBuildFile; fileRef = C4C2DE03201B84FF00FAA384 /* Word.swift */; };
		C4D286392020DB4F00704FD8 /* words.json in Resources */ = {isa = PBXBuildFile; fileRef = C4D286382020DB4F00704FD8 /* words.json */; };
		C4E05F4F2018F7BB00B28699 /* GameRootView.swift in Sources */ = {isa = PBXBuildFile; fileRef = C4E05F4E2018F7BB00B28699 /* GameRootView.swift */; };
		OBJ_39 /* SampleModel.swift in Sources */ = {isa = PBXBuildFile; fileRef = OBJ_13 /* SampleModel.swift */; };
		OBJ_40 /* GeneratedUI.swift in Sources */ = {isa = PBXBuildFile; fileRef = OBJ_10 /* GeneratedUI.swift */; };
		OBJ_41 /* MainRootView.swift in Sources */ = {isa = PBXBuildFile; fileRef = OBJ_16 /* MainRootView.swift */; };
		OBJ_42 /* MainController.swift in Sources */ = {isa = PBXBuildFile; fileRef = OBJ_18 /* MainController.swift */; };
		OBJ_43 /* TeamService.swift in Sources */ = {isa = PBXBuildFile; fileRef = OBJ_22 /* TeamService.swift */; };
		OBJ_44 /* MainWireframe.swift in Sources */ = {isa = PBXBuildFile; fileRef = OBJ_24 /* MainWireframe.swift */; };
		OBJ_45 /* AppDelegate.swift in Sources */ = {isa = PBXBuildFile; fileRef = OBJ_25 /* AppDelegate.swift */; };
		OBJ_46 /* DependencyModule.swift in Sources */ = {isa = PBXBuildFile; fileRef = OBJ_26 /* DependencyModule.swift */; };
		OBJ_47 /* ApplicationModule.swift in Sources */ = {isa = PBXBuildFile; fileRef = OBJ_27 /* ApplicationModule.swift */; };
		OBJ_49 /* Assets.xcassets in Resources */ = {isa = PBXBuildFile; fileRef = OBJ_29 /* Assets.xcassets */; };
		OBJ_50 /* LaunchScreen.storyboard in Resources */ = {isa = PBXBuildFile; fileRef = OBJ_30 /* LaunchScreen.storyboard */; };
		OBJ_51 /* Localizable.strings in Resources */ = {isa = PBXBuildFile; fileRef = OBJ_31 /* Localizable.strings */; };
/* End PBXBuildFile section */

/* Begin PBXFileReference section */
		1B01471025526CD55ABA40EB /* Pods_Partyvity.framework */ = {isa = PBXFileReference; explicitFileType = wrapper.framework; includeInIndex = 0; path = Pods_Partyvity.framework; sourceTree = BUILT_PRODUCTS_DIR; };
		786DB084AE03D09FB73D406C /* Pods-Partyvity.debug.xcconfig */ = {isa = PBXFileReference; includeInIndex = 1; lastKnownFileType = text.xcconfig; name = "Pods-Partyvity.debug.xcconfig"; path = "Pods/Target Support Files/Pods-Partyvity/Pods-Partyvity.debug.xcconfig"; sourceTree = "<group>"; };
		8A27819B5DD618EDE5248A9B /* Pods-Partyvity.release.xcconfig */ = {isa = PBXFileReference; includeInIndex = 1; lastKnownFileType = text.xcconfig; name = "Pods-Partyvity.release.xcconfig"; path = "Pods/Target Support Files/Pods-Partyvity/Pods-Partyvity.release.xcconfig"; sourceTree = "<group>"; };
		C424DC64201A333E00FB3DFD /* ActivityService.swift */ = {isa = PBXFileReference; lastKnownFileType = sourcecode.swift; path = ActivityService.swift; sourceTree = "<group>"; };
		C424DC66201A3DC800FB3DFD /* CounterService.swift */ = {isa = PBXFileReference; lastKnownFileType = sourcecode.swift; path = CounterService.swift; sourceTree = "<group>"; };
		C4573FB22019012700D6AFF8 /* ModelExtensions.generated.swift */ = {isa = PBXFileReference; fileEncoding = 4; lastKnownFileType = sourcecode.swift; path = ModelExtensions.generated.swift; sourceTree = "<group>"; };
		C4573FB42019076000D6AFF8 /* GameRootView.ui.xml */ = {isa = PBXFileReference; lastKnownFileType = text.xml; path = GameRootView.ui.xml; sourceTree = "<group>"; };
		C4573FB820193DC200D6AFF8 /* GameController.swift */ = {isa = PBXFileReference; lastKnownFileType = sourcecode.swift; path = GameController.swift; sourceTree = "<group>"; };
		C48E26C82018CC9D00EA5A16 /* Team.swift */ = {isa = PBXFileReference; lastKnownFileType = sourcecode.swift; path = Team.swift; sourceTree = "<group>"; };
		C48E26CA2018CF1E00EA5A16 /* TeamCell.swift */ = {isa = PBXFileReference; lastKnownFileType = sourcecode.swift; path = TeamCell.swift; sourceTree = "<group>"; };
		C48E26CC2018D59C00EA5A16 /* TeamCell.ui.xml */ = {isa = PBXFileReference; lastKnownFileType = text.xml; path = TeamCell.ui.xml; sourceTree = "<group>"; };
		C4C2DE03201B84FF00FAA384 /* Word.swift */ = {isa = PBXFileReference; lastKnownFileType = sourcecode.swift; path = Word.swift; sourceTree = "<group>"; };
		C4D286382020DB4F00704FD8 /* words.json */ = {isa = PBXFileReference; fileEncoding = 4; lastKnownFileType = text.json; path = words.json; sourceTree = SOURCE_ROOT; };
		C4E05F4E2018F7BB00B28699 /* GameRootView.swift */ = {isa = PBXFileReference; fileEncoding = 4; lastKnownFileType = sourcecode.swift; path = GameRootView.swift; sourceTree = "<group>"; };
		OBJ_10 /* GeneratedUI.swift */ = {isa = PBXFileReference; lastKnownFileType = sourcecode.swift; path = GeneratedUI.swift; sourceTree = "<group>"; };
		OBJ_13 /* SampleModel.swift */ = {isa = PBXFileReference; lastKnownFileType = sourcecode.swift; path = SampleModel.swift; sourceTree = "<group>"; };
		OBJ_16 /* MainRootView.swift */ = {isa = PBXFileReference; lastKnownFileType = sourcecode.swift; path = MainRootView.swift; sourceTree = "<group>"; };
		OBJ_17 /* MainRootView.ui.xml */ = {isa = PBXFileReference; lastKnownFileType = text.xml; path = MainRootView.ui.xml; sourceTree = "<group>"; };
		OBJ_18 /* MainController.swift */ = {isa = PBXFileReference; lastKnownFileType = sourcecode.swift; path = MainController.swift; sourceTree = "<group>"; };
		OBJ_20 /* General.styles.xml */ = {isa = PBXFileReference; lastKnownFileType = text.xml; path = General.styles.xml; sourceTree = "<group>"; };
		OBJ_22 /* TeamService.swift */ = {isa = PBXFileReference; lastKnownFileType = sourcecode.swift; path = TeamService.swift; sourceTree = "<group>"; };
		OBJ_24 /* MainWireframe.swift */ = {isa = PBXFileReference; lastKnownFileType = sourcecode.swift; path = MainWireframe.swift; sourceTree = "<group>"; };
		OBJ_25 /* AppDelegate.swift */ = {isa = PBXFileReference; lastKnownFileType = sourcecode.swift; path = AppDelegate.swift; sourceTree = "<group>"; };
		OBJ_26 /* DependencyModule.swift */ = {isa = PBXFileReference; lastKnownFileType = sourcecode.swift; path = DependencyModule.swift; sourceTree = "<group>"; };
		OBJ_27 /* ApplicationModule.swift */ = {isa = PBXFileReference; lastKnownFileType = sourcecode.swift; path = ApplicationModule.swift; sourceTree = "<group>"; };
		OBJ_29 /* Assets.xcassets */ = {isa = PBXFileReference; lastKnownFileType = folder.assetcatalog; path = Assets.xcassets; sourceTree = "<group>"; };
		OBJ_30 /* LaunchScreen.storyboard */ = {isa = PBXFileReference; lastKnownFileType = file.storyboard; path = LaunchScreen.storyboard; sourceTree = "<group>"; };
		OBJ_31 /* Localizable.strings */ = {isa = PBXFileReference; lastKnownFileType = text.plist.strings; path = Localizable.strings; sourceTree = "<group>"; };
		OBJ_32 /* Info.plist */ = {isa = PBXFileReference; lastKnownFileType = text.plist.xml; path = Info.plist; sourceTree = "<group>"; };
		OBJ_7 /* Partyvity.app */ = {isa = PBXFileReference; explicitFileType = wrapper.application; path = Partyvity.app; sourceTree = BUILT_PRODUCTS_DIR; };
/* End PBXFileReference section */

/* Begin PBXFrameworksBuildPhase section */
		OBJ_52 /* Frameworks */ = {
			isa = PBXFrameworksBuildPhase;
			buildActionMask = 0;
			files = (
				0D3421530B2824442A328241 /* Pods_Partyvity.framework in Frameworks */,
			);
			runOnlyForDeploymentPostprocessing = 0;
		};
/* End PBXFrameworksBuildPhase section */

/* Begin PBXGroup section */
		7FB4A9BEAB4075E6D53B4AEE /* Frameworks */ = {
			isa = PBXGroup;
			children = (
				1B01471025526CD55ABA40EB /* Pods_Partyvity.framework */,
			);
			name = Frameworks;
			sourceTree = "<group>";
		};
		9004B45ED337E6EA731B20D6 /* Pods */ = {
			isa = PBXGroup;
			children = (
				786DB084AE03D09FB73D406C /* Pods-Partyvity.debug.xcconfig */,
				8A27819B5DD618EDE5248A9B /* Pods-Partyvity.release.xcconfig */,
			);
			name = Pods;
			sourceTree = "<group>";
		};
		C424DC61201A21AF00FB3DFD /* Utils */ = {
			isa = PBXGroup;
			children = (
			);
			path = Utils;
			sourceTree = "<group>";
		};
		OBJ_11 /* Sources */ = {
			isa = PBXGroup;
			children = (
				OBJ_12 /* Models */,
				OBJ_14 /* Components */,
				OBJ_19 /* Styles */,
				OBJ_21 /* Services */,
				C424DC61201A21AF00FB3DFD /* Utils */,
				OBJ_23 /* Wireframes */,
				OBJ_25 /* AppDelegate.swift */,
				OBJ_26 /* DependencyModule.swift */,
				OBJ_27 /* ApplicationModule.swift */,
			);
			path = Sources;
			sourceTree = "<group>";
		};
		OBJ_12 /* Models */ = {
			isa = PBXGroup;
			children = (
				OBJ_13 /* SampleModel.swift */,
				C48E26C82018CC9D00EA5A16 /* Team.swift */,
				C4C2DE03201B84FF00FAA384 /* Word.swift */,
			);
			path = Models;
			sourceTree = "<group>";
		};
		OBJ_14 /* Components */ = {
			isa = PBXGroup;
			children = (
				OBJ_15 /* Main */,
			);
			path = Components;
			sourceTree = "<group>";
		};
		OBJ_15 /* Main */ = {
			isa = PBXGroup;
			children = (
				OBJ_16 /* MainRootView.swift */,
				OBJ_17 /* MainRootView.ui.xml */,
				OBJ_18 /* MainController.swift */,
				C4573FB820193DC200D6AFF8 /* GameController.swift */,
				C4E05F4E2018F7BB00B28699 /* GameRootView.swift */,
				C4573FB42019076000D6AFF8 /* GameRootView.ui.xml */,
				C48E26CA2018CF1E00EA5A16 /* TeamCell.swift */,
				C48E26CC2018D59C00EA5A16 /* TeamCell.ui.xml */,
			);
			path = Main;
			sourceTree = "<group>";
		};
		OBJ_19 /* Styles */ = {
			isa = PBXGroup;
			children = (
				OBJ_20 /* General.styles.xml */,
			);
			path = Styles;
			sourceTree = "<group>";
		};
		OBJ_21 /* Services */ = {
			isa = PBXGroup;
			children = (
				OBJ_22 /* TeamService.swift */,
				C424DC64201A333E00FB3DFD /* ActivityService.swift */,
				C424DC66201A3DC800FB3DFD /* CounterService.swift */,
			);
			path = Services;
			sourceTree = "<group>";
		};
		OBJ_23 /* Wireframes */ = {
			isa = PBXGroup;
			children = (
				OBJ_24 /* MainWireframe.swift */,
			);
			path = Wireframes;
			sourceTree = "<group>";
		};
		OBJ_28 /* Resources */ = {
			isa = PBXGroup;
			children = (
				OBJ_29 /* Assets.xcassets */,
				OBJ_30 /* LaunchScreen.storyboard */,
				OBJ_31 /* Localizable.strings */,
				OBJ_32 /* Info.plist */,
				C4D286382020DB4F00704FD8 /* words.json */,
			);
			path = Resources;
			sourceTree = "<group>";
		};
		OBJ_5 = {
			isa = PBXGroup;
			children = (
				OBJ_6 /* Products */,
				OBJ_8 /* Application */,
				9004B45ED337E6EA731B20D6 /* Pods */,
				7FB4A9BEAB4075E6D53B4AEE /* Frameworks */,
			);
			sourceTree = "<group>";
		};
		OBJ_6 /* Products */ = {
			isa = PBXGroup;
			children = (
				OBJ_7 /* Partyvity.app */,
			);
			name = Products;
			sourceTree = BUILT_PRODUCTS_DIR;
		};
		OBJ_8 /* Application */ = {
			isa = PBXGroup;
			children = (
				OBJ_9 /* Generated */,
				OBJ_11 /* Sources */,
				OBJ_28 /* Resources */,
			);
			path = Application;
			sourceTree = "<group>";
		};
		OBJ_9 /* Generated */ = {
			isa = PBXGroup;
			children = (
				C4573FB22019012700D6AFF8 /* ModelExtensions.generated.swift */,
				OBJ_10 /* GeneratedUI.swift */,
			);
			path = Generated;
			sourceTree = "<group>";
		};
/* End PBXGroup section */

/* Begin PBXNativeTarget section */
		OBJ_33 /* Partyvity */ = {
			isa = PBXNativeTarget;
			buildConfigurationList = OBJ_34 /* Build configuration list for PBXNativeTarget "Partyvity" */;
			buildPhases = (
				7F9B1F1CD01BBA7CCD011527 /* [CP] Check Pods Manifest.lock */,
				OBJ_37 /* Run ReactantUI */,
				C4573FB12019007900D6AFF8 /* Run Torch */,
				OBJ_38 /* Sources */,
				OBJ_48 /* Resources */,
				OBJ_52 /* Frameworks */,
				9A89CFC682BB218DCA3E5479 /* [CP] Embed Pods Frameworks */,
				49E20F01AA05996BDCD14B65 /* [CP] Copy Pods Resources */,
			);
			buildRules = (
			);
			dependencies = (
			);
			name = Partyvity;
			productName = Partyvity;
			productReference = OBJ_7 /* Partyvity.app */;
			productType = "com.apple.product-type.application";
		};
/* End PBXNativeTarget section */

/* Begin PBXProject section */
		OBJ_1 /* Project object */ = {
			isa = PBXProject;
			attributes = {
				LastUpgradeCheck = 9999;
				TargetAttributes = {
					OBJ_33 = {
						DevelopmentTeam = none;
					};
				};
			};
			buildConfigurationList = OBJ_2 /* Build configuration list for PBXProject "Partyvity" */;
			compatibilityVersion = "Xcode 3.2";
			developmentRegion = English;
			hasScannedForEncodings = 0;
			knownRegions = (
				en,
			);
			mainGroup = OBJ_5;
			productRefGroup = OBJ_6 /* Products */;
			projectDirPath = "";
			projectRoot = "";
			targets = (
				OBJ_33 /* Partyvity */,
			);
		};
/* End PBXProject section */

/* Begin PBXResourcesBuildPhase section */
		OBJ_48 /* Resources */ = {
			isa = PBXResourcesBuildPhase;
			buildActionMask = 0;
			files = (
				C4573FB52019076000D6AFF8 /* GameRootView.ui.xml in Resources */,
				OBJ_49 /* Assets.xcassets in Resources */,
				C48E26CD2018D59C00EA5A16 /* TeamCell.ui.xml in Resources */,
				C4D286392020DB4F00704FD8 /* words.json in Resources */,
				OBJ_50 /* LaunchScreen.storyboard in Resources */,
				OBJ_51 /* Localizable.strings in Resources */,
			);
			runOnlyForDeploymentPostprocessing = 0;
		};
/* End PBXResourcesBuildPhase section */

/* Begin PBXShellScriptBuildPhase section */
		49E20F01AA05996BDCD14B65 /* [CP] Copy Pods Resources */ = {
			isa = PBXShellScriptBuildPhase;
			buildActionMask = 2147483647;
			files = (
			);
			inputPaths = (
			);
			name = "[CP] Copy Pods Resources";
			outputPaths = (
			);
			runOnlyForDeploymentPostprocessing = 0;
			shellPath = /bin/sh;
			shellScript = "\"${SRCROOT}/Pods/Target Support Files/Pods-Partyvity/Pods-Partyvity-resources.sh\"\n";
			showEnvVarsInLog = 0;
		};
		7F9B1F1CD01BBA7CCD011527 /* [CP] Check Pods Manifest.lock */ = {
			isa = PBXShellScriptBuildPhase;
			buildActionMask = 2147483647;
			files = (
			);
			inputPaths = (
				"${PODS_PODFILE_DIR_PATH}/Podfile.lock",
				"${PODS_ROOT}/Manifest.lock",
			);
			name = "[CP] Check Pods Manifest.lock";
			outputPaths = (
				"$(DERIVED_FILE_DIR)/Pods-Partyvity-checkManifestLockResult.txt",
			);
			runOnlyForDeploymentPostprocessing = 0;
			shellPath = /bin/sh;
			shellScript = "diff \"${PODS_PODFILE_DIR_PATH}/Podfile.lock\" \"${PODS_ROOT}/Manifest.lock\" > /dev/null\nif [ $? != 0 ] ; then\n    # print error to STDERR\n    echo \"error: The sandbox is not in sync with the Podfile.lock. Run 'pod install' or update your CocoaPods installation.\" >&2\n    exit 1\nfi\n# This output is used by Xcode 'outputs' to avoid re-running this script phase.\necho \"SUCCESS\" > \"${SCRIPT_OUTPUT_FILE_0}\"\n";
			showEnvVarsInLog = 0;
		};
		9A89CFC682BB218DCA3E5479 /* [CP] Embed Pods Frameworks */ = {
			isa = PBXShellScriptBuildPhase;
			buildActionMask = 2147483647;
			files = (
			);
			inputPaths = (
				"${SRCROOT}/Pods/Target Support Files/Pods-Partyvity/Pods-Partyvity-frameworks.sh",
				"${BUILT_PRODUCTS_DIR}/Alamofire/Alamofire.framework",
				"${BUILT_PRODUCTS_DIR}/DataMapper/DataMapper.framework",
				"${BUILT_PRODUCTS_DIR}/Differentiator/Differentiator.framework",
				"${BUILT_PRODUCTS_DIR}/Fetcher/Fetcher.framework",
				"${BUILT_PRODUCTS_DIR}/Reactant/Reactant.framework",
				"${BUILT_PRODUCTS_DIR}/ReactantLiveUI/ReactantLiveUI.framework",
				"${BUILT_PRODUCTS_DIR}/Realm/Realm.framework",
				"${BUILT_PRODUCTS_DIR}/RealmSwift/RealmSwift.framework",
				"${BUILT_PRODUCTS_DIR}/Result/Result.framework",
				"${BUILT_PRODUCTS_DIR}/RxCocoa/RxCocoa.framework",
				"${BUILT_PRODUCTS_DIR}/RxDataSources/RxDataSources.framework",
				"${BUILT_PRODUCTS_DIR}/RxOptional/RxOptional.framework",
				"${BUILT_PRODUCTS_DIR}/RxSwift/RxSwift.framework",
				"${BUILT_PRODUCTS_DIR}/SnapKit/SnapKit.framework",
				"${BUILT_PRODUCTS_DIR}/TorchORM/Torch.framework",
			);
			name = "[CP] Embed Pods Frameworks";
			outputPaths = (
				"${TARGET_BUILD_DIR}/${FRAMEWORKS_FOLDER_PATH}/Alamofire.framework",
				"${TARGET_BUILD_DIR}/${FRAMEWORKS_FOLDER_PATH}/DataMapper.framework",
				"${TARGET_BUILD_DIR}/${FRAMEWORKS_FOLDER_PATH}/Differentiator.framework",
				"${TARGET_BUILD_DIR}/${FRAMEWORKS_FOLDER_PATH}/Fetcher.framework",
				"${TARGET_BUILD_DIR}/${FRAMEWORKS_FOLDER_PATH}/Reactant.framework",
				"${TARGET_BUILD_DIR}/${FRAMEWORKS_FOLDER_PATH}/ReactantLiveUI.framework",
				"${TARGET_BUILD_DIR}/${FRAMEWORKS_FOLDER_PATH}/Realm.framework",
				"${TARGET_BUILD_DIR}/${FRAMEWORKS_FOLDER_PATH}/RealmSwift.framework",
				"${TARGET_BUILD_DIR}/${FRAMEWORKS_FOLDER_PATH}/Result.framework",
				"${TARGET_BUILD_DIR}/${FRAMEWORKS_FOLDER_PATH}/RxCocoa.framework",
				"${TARGET_BUILD_DIR}/${FRAMEWORKS_FOLDER_PATH}/RxDataSources.framework",
				"${TARGET_BUILD_DIR}/${FRAMEWORKS_FOLDER_PATH}/RxOptional.framework",
				"${TARGET_BUILD_DIR}/${FRAMEWORKS_FOLDER_PATH}/RxSwift.framework",
				"${TARGET_BUILD_DIR}/${FRAMEWORKS_FOLDER_PATH}/SnapKit.framework",
				"${TARGET_BUILD_DIR}/${FRAMEWORKS_FOLDER_PATH}/Torch.framework",
			);
			runOnlyForDeploymentPostprocessing = 0;
			shellPath = /bin/sh;
			shellScript = "\"${SRCROOT}/Pods/Target Support Files/Pods-Partyvity/Pods-Partyvity-frameworks.sh\"\n";
			showEnvVarsInLog = 0;
		};
		C4573FB12019007900D6AFF8 /* Run Torch */ = {
			isa = PBXShellScriptBuildPhase;
			buildActionMask = 2147483647;
			files = (
			);
			inputPaths = (
			);
			name = "Run Torch";
			outputPaths = (
			);
			runOnlyForDeploymentPostprocessing = 0;
			shellPath = /bin/sh;
			shellScript = "\"$PODS_ROOT/TorchORM/run\" generate --output \"$PROJECT_DIR/Application/Generated/ModelExtensions.generated.swift\" \"$PROJECT_DIR/Application/Sources/Models\"";
		};
		OBJ_37 /* Run ReactantUI */ = {
			isa = PBXShellScriptBuildPhase;
			buildActionMask = 0;
			files = (
			);
			name = "Run ReactantUI";
			runOnlyForDeploymentPostprocessing = 0;
			shellPath = /bin/sh;
			shellScript = "pushd \"$PODS_ROOT/ReactantUI\"\nenv -i HOME=\"$HOME\" PATH=\"$PATH\" swift build\npopd\ncd \"$SRCROOT/Application/Sources\"\n\"$PODS_ROOT/ReactantUI/.build/debug/reactant-ui\" --enable-live > \"$SRCROOT/Application/Generated/GeneratedUI.swift\"";
		};
/* End PBXShellScriptBuildPhase section */

/* Begin PBXSourcesBuildPhase section */
		OBJ_38 /* Sources */ = {
			isa = PBXSourcesBuildPhase;
			buildActionMask = 0;
			files = (
				C424DC67201A3DC800FB3DFD /* CounterService.swift in Sources */,
				C4573FB32019012700D6AFF8 /* ModelExtensions.generated.swift in Sources */,
				C4573FB920193DC200D6AFF8 /* GameController.swift in Sources */,
				OBJ_39 /* SampleModel.swift in Sources */,
				C4C2DE04201B84FF00FAA384 /* Word.swift in Sources */,
				OBJ_40 /* GeneratedUI.swift in Sources */,
				OBJ_41 /* MainRootView.swift in Sources */,
				OBJ_42 /* MainController.swift in Sources */,
				C48E26CB2018CF1E00EA5A16 /* TeamCell.swift in Sources */,
				OBJ_43 /* TeamService.swift in Sources */,
				OBJ_44 /* MainWireframe.swift in Sources */,
				OBJ_45 /* AppDelegate.swift in Sources */,
				OBJ_46 /* DependencyModule.swift in Sources */,
				C48E26C92018CC9D00EA5A16 /* Team.swift in Sources */,
				C4E05F4F2018F7BB00B28699 /* GameRootView.swift in Sources */,
				C424DC65201A333E00FB3DFD /* ActivityService.swift in Sources */,
				OBJ_47 /* ApplicationModule.swift in Sources */,
			);
			runOnlyForDeploymentPostprocessing = 0;
		};
/* End PBXSourcesBuildPhase section */

/* Begin XCBuildConfiguration section */
		OBJ_3 /* Debug */ = {
			isa = XCBuildConfiguration;
			buildSettings = {
				CLANG_ENABLE_OBJC_ARC = YES;
				COMBINE_HIDPI_IMAGES = YES;
				COPY_PHASE_STRIP = NO;
				DEBUG_INFORMATION_FORMAT = dwarf;
				DYLIB_INSTALL_NAME_BASE = "@rpath";
				ENABLE_NS_ASSERTIONS = YES;
				GCC_OPTIMIZATION_LEVEL = 0;
				IPHONEOS_DEPLOYMENT_TARGET = 9.0;
				ONLY_ACTIVE_ARCH = YES;
				OTHER_SWIFT_FLAGS = "-DXcode";
				PRODUCT_NAME = "$(TARGET_NAME)";
				SDKROOT = iphoneos;
				SUPPORTED_PLATFORMS = "iphonesimulator iphoneos";
				SWIFT_ACTIVE_COMPILATION_CONDITIONS = SWIFT_PACKAGE;
				SWIFT_OPTIMIZATION_LEVEL = "-Onone";
				SWIFT_VERSION = 4.0;
				USE_HEADERMAP = NO;
			};
			name = Debug;
		};
		OBJ_35 /* Debug */ = {
			isa = XCBuildConfiguration;
			baseConfigurationReference = 786DB084AE03D09FB73D406C /* Pods-Partyvity.debug.xcconfig */;
			buildSettings = {
				ASSETCATALOG_COMPILER_APPICON_NAME = AppIcon;
				"CODE_SIGN_IDENTITY[sdk=iphoneos*]" = "iPhone Developer";
				DEVELOPMENT_TEAM = none;
				ENABLE_TESTABILITY = YES;
				HEADER_SEARCH_PATHS = "$(inherited)";
				INFOPLIST_FILE = Application/Resources/Info.plist;
				IPHONEOS_DEPLOYMENT_TARGET = 11.0;
				LD_RUNPATH_SEARCH_PATHS = "$(inherited) @executable_path/Frameworks";
				OTHER_LDFLAGS = "$(inherited)";
				OTHER_SWIFT_FLAGS = "$(inherited)";
				PRODUCT_BUNDLE_IDENTIFIER = "Raul Batista.Partyvity";
				PRODUCT_MODULE_NAME = "$(TARGET_NAME:c99extidentifier)";
				PRODUCT_NAME = "$(TARGET_NAME:c99extidentifier)";
				TARGET_NAME = Partyvity;
			};
			name = Debug;
		};
		OBJ_36 /* Release */ = {
			isa = XCBuildConfiguration;
			baseConfigurationReference = 8A27819B5DD618EDE5248A9B /* Pods-Partyvity.release.xcconfig */;
			buildSettings = {
				ASSETCATALOG_COMPILER_APPICON_NAME = AppIcon;
				"CODE_SIGN_IDENTITY[sdk=iphoneos*]" = "iPhone Developer";
				DEVELOPMENT_TEAM = none;
				ENABLE_TESTABILITY = YES;
				HEADER_SEARCH_PATHS = "$(inherited)";
				INFOPLIST_FILE = Application/Resources/Info.plist;
				IPHONEOS_DEPLOYMENT_TARGET = 11.0;
				LD_RUNPATH_SEARCH_PATHS = "$(inherited) @executable_path/Frameworks";
				OTHER_LDFLAGS = "$(inherited)";
				OTHER_SWIFT_FLAGS = "$(inherited)";
				PRODUCT_BUNDLE_IDENTIFIER = "Raul Batista.Partyvity";
				PRODUCT_MODULE_NAME = "$(TARGET_NAME:c99extidentifier)";
				PRODUCT_NAME = "$(TARGET_NAME:c99extidentifier)";
				TARGET_NAME = Partyvity;
			};
			name = Release;
		};
		OBJ_4 /* Release */ = {
			isa = XCBuildConfiguration;
			buildSettings = {
				CLANG_ENABLE_OBJC_ARC = YES;
				COMBINE_HIDPI_IMAGES = YES;
				COPY_PHASE_STRIP = YES;
				DEBUG_INFORMATION_FORMAT = "dwarf-with-dsym";
				DYLIB_INSTALL_NAME_BASE = "@rpath";
				GCC_OPTIMIZATION_LEVEL = s;
				IPHONEOS_DEPLOYMENT_TARGET = 9.0;
				OTHER_SWIFT_FLAGS = "-DXcode";
				PRODUCT_NAME = "$(TARGET_NAME)";
				SDKROOT = iphoneos;
				SUPPORTED_PLATFORMS = "iphonesimulator iphoneos";
				SWIFT_ACTIVE_COMPILATION_CONDITIONS = SWIFT_PACKAGE;
				SWIFT_OPTIMIZATION_LEVEL = "-Owholemodule";
				SWIFT_VERSION = 4.0;
				USE_HEADERMAP = NO;
			};
			name = Release;
		};
/* End XCBuildConfiguration section */

/* Begin XCConfigurationList section */
		OBJ_2 /* Build configuration list for PBXProject "Partyvity" */ = {
			isa = XCConfigurationList;
			buildConfigurations = (
				OBJ_3 /* Debug */,
				OBJ_4 /* Release */,
			);
			defaultConfigurationIsVisible = 0;
			defaultConfigurationName = Debug;
		};
		OBJ_34 /* Build configuration list for PBXNativeTarget "Partyvity" */ = {
			isa = XCConfigurationList;
			buildConfigurations = (
				OBJ_35 /* Debug */,
				OBJ_36 /* Release */,
			);
			defaultConfigurationIsVisible = 0;
			defaultConfigurationName = Debug;
		};
/* End XCConfigurationList section */
	};
	rootObject = OBJ_1 /* Project object */;
}
